// !$*UTF8*$!
{
	archiveVersion = 1;
	classes = {
	};
	objectVersion = 46;
	objects = {

/* Begin PBXBuildFile section */
		3F66E0151B622619008D8114 /* AppDelegate.swift in Sources */ = {isa = PBXBuildFile; fileRef = 3F66E0141B622619008D8114 /* AppDelegate.swift */; };
		3F66E0171B622619008D8114 /* ViewController.swift in Sources */ = {isa = PBXBuildFile; fileRef = 3F66E0161B622619008D8114 /* ViewController.swift */; };
		3F66E01A1B622619008D8114 /* Main.storyboard in Resources */ = {isa = PBXBuildFile; fileRef = 3F66E0181B622619008D8114 /* Main.storyboard */; };
		3F66E01C1B622619008D8114 /* Images.xcassets in Resources */ = {isa = PBXBuildFile; fileRef = 3F66E01B1B622619008D8114 /* Images.xcassets */; };
		3F66E01F1B622619008D8114 /* LaunchScreen.xib in Resources */ = {isa = PBXBuildFile; fileRef = 3F66E01D1B622619008D8114 /* LaunchScreen.xib */; };
		3F66E02B1B622619008D8114 /* NRShapeTweenTests.swift in Sources */ = {isa = PBXBuildFile; fileRef = 3F66E02A1B622619008D8114 /* NRShapeTweenTests.swift */; };
		A03D2CC61B62BAC300ABA74C /* NRShapeTweenView.swift in Sources */ = {isa = PBXBuildFile; fileRef = A03D2CC51B62BAC300ABA74C /* NRShapeTweenView.swift */; };
/* End PBXBuildFile section */

/* Begin PBXContainerItemProxy section */
		3F66E0251B622619008D8114 /* PBXContainerItemProxy */ = {
			isa = PBXContainerItemProxy;
			containerPortal = 3F66E0071B622619008D8114 /* Project object */;
			proxyType = 1;
			remoteGlobalIDString = 3F66E00E1B622619008D8114;
			remoteInfo = NRShapeTween;
		};
/* End PBXContainerItemProxy section */

/* Begin PBXFileReference section */
		3F66E00F1B622619008D8114 /* NRShapeTween.app */ = {isa = PBXFileReference; explicitFileType = wrapper.application; includeInIndex = 0; path = NRShapeTween.app; sourceTree = BUILT_PRODUCTS_DIR; };
		3F66E0131B622619008D8114 /* Info.plist */ = {isa = PBXFileReference; lastKnownFileType = text.plist.xml; path = Info.plist; sourceTree = "<group>"; };
		3F66E0141B622619008D8114 /* AppDelegate.swift */ = {isa = PBXFileReference; lastKnownFileType = sourcecode.swift; path = AppDelegate.swift; sourceTree = "<group>"; };
		3F66E0161B622619008D8114 /* ViewController.swift */ = {isa = PBXFileReference; lastKnownFileType = sourcecode.swift; path = ViewController.swift; sourceTree = "<group>"; };
		3F66E0191B622619008D8114 /* Base */ = {isa = PBXFileReference; lastKnownFileType = file.storyboard; name = Base; path = Base.lproj/Main.storyboard; sourceTree = "<group>"; };
		3F66E01B1B622619008D8114 /* Images.xcassets */ = {isa = PBXFileReference; lastKnownFileType = folder.assetcatalog; path = Images.xcassets; sourceTree = "<group>"; };
		3F66E01E1B622619008D8114 /* Base */ = {isa = PBXFileReference; lastKnownFileType = file.xib; name = Base; path = Base.lproj/LaunchScreen.xib; sourceTree = "<group>"; };
		3F66E0241B622619008D8114 /* NRShapeTweenTests.xctest */ = {isa = PBXFileReference; explicitFileType = wrapper.cfbundle; includeInIndex = 0; path = NRShapeTweenTests.xctest; sourceTree = BUILT_PRODUCTS_DIR; };
		3F66E0291B622619008D8114 /* Info.plist */ = {isa = PBXFileReference; lastKnownFileType = text.plist.xml; path = Info.plist; sourceTree = "<group>"; };
		3F66E02A1B622619008D8114 /* NRShapeTweenTests.swift */ = {isa = PBXFileReference; lastKnownFileType = sourcecode.swift; path = NRShapeTweenTests.swift; sourceTree = "<group>"; };
		A03D2CC51B62BAC300ABA74C /* NRShapeTweenView.swift */ = {isa = PBXFileReference; fileEncoding = 4; lastKnownFileType = sourcecode.swift; path = NRShapeTweenView.swift; sourceTree = "<group>"; };
/* End PBXFileReference section */

/* Begin PBXFrameworksBuildPhase section */
		3F66E00C1B622619008D8114 /* Frameworks */ = {
			isa = PBXFrameworksBuildPhase;
			buildActionMask = 2147483647;
			files = (
			);
			runOnlyForDeploymentPostprocessing = 0;
		};
		3F66E0211B622619008D8114 /* Frameworks */ = {
			isa = PBXFrameworksBuildPhase;
			buildActionMask = 2147483647;
			files = (
			);
			runOnlyForDeploymentPostprocessing = 0;
		};
/* End PBXFrameworksBuildPhase section */

/* Begin PBXGroup section */
		3F66E0061B622619008D8114 = {
			isa = PBXGroup;
			children = (
				3F66E0111B622619008D8114 /* NRShapeTween */,
				3F66E0271B622619008D8114 /* NRShapeTweenTests */,
				3F66E0101B622619008D8114 /* Products */,
			);
			sourceTree = "<group>";
		};
		3F66E0101B622619008D8114 /* Products */ = {
			isa = PBXGroup;
			children = (
				3F66E00F1B622619008D8114 /* NRShapeTween.app */,
				3F66E0241B622619008D8114 /* NRShapeTweenTests.xctest */,
			);
			name = Products;
			sourceTree = "<group>";
		};
		3F66E0111B622619008D8114 /* NRShapeTween */ = {
			isa = PBXGroup;
			children = (
				3F66E0141B622619008D8114 /* AppDelegate.swift */,
				3F66E0161B622619008D8114 /* ViewController.swift */,
				3F66E0181B622619008D8114 /* Main.storyboard */,
				A03D2CC51B62BAC300ABA74C /* NRShapeTweenView.swift */,
				3F66E01B1B622619008D8114 /* Images.xcassets */,
				3F66E01D1B622619008D8114 /* LaunchScreen.xib */,
				3F66E0121B622619008D8114 /* Supporting Files */,
			);
			path = NRShapeTween;
			sourceTree = "<group>";
		};
		3F66E0121B622619008D8114 /* Supporting Files */ = {
			isa = PBXGroup;
			children = (
				3F66E0131B622619008D8114 /* Info.plist */,
			);
			name = "Supporting Files";
			sourceTree = "<group>";
		};
		3F66E0271B622619008D8114 /* NRShapeTweenTests */ = {
			isa = PBXGroup;
			children = (
				3F66E02A1B622619008D8114 /* NRShapeTweenTests.swift */,
				3F66E0281B622619008D8114 /* Supporting Files */,
			);
			path = NRShapeTweenTests;
			sourceTree = "<group>";
		};
		3F66E0281B622619008D8114 /* Supporting Files */ = {
			isa = PBXGroup;
			children = (
				3F66E0291B622619008D8114 /* Info.plist */,
			);
			name = "Supporting Files";
			sourceTree = "<group>";
		};
/* End PBXGroup section */

/* Begin PBXNativeTarget section */
		3F66E00E1B622619008D8114 /* NRShapeTween */ = {
			isa = PBXNativeTarget;
			buildConfigurationList = 3F66E02E1B622619008D8114 /* Build configuration list for PBXNativeTarget "NRShapeTween" */;
			buildPhases = (
				3F66E00B1B622619008D8114 /* Sources */,
				3F66E00C1B622619008D8114 /* Frameworks */,
				3F66E00D1B622619008D8114 /* Resources */,
			);
			buildRules = (
			);
			dependencies = (
			);
			name = NRShapeTween;
			productName = NRShapeTween;
			productReference = 3F66E00F1B622619008D8114 /* NRShapeTween.app */;
			productType = "com.apple.product-type.application";
		};
		3F66E0231B622619008D8114 /* NRShapeTweenTests */ = {
			isa = PBXNativeTarget;
			buildConfigurationList = 3F66E0311B622619008D8114 /* Build configuration list for PBXNativeTarget "NRShapeTweenTests" */;
			buildPhases = (
				3F66E0201B622619008D8114 /* Sources */,
				3F66E0211B622619008D8114 /* Frameworks */,
				3F66E0221B622619008D8114 /* Resources */,
			);
			buildRules = (
			);
			dependencies = (
				3F66E0261B622619008D8114 /* PBXTargetDependency */,
			);
			name = NRShapeTweenTests;
			productName = NRShapeTweenTests;
			productReference = 3F66E0241B622619008D8114 /* NRShapeTweenTests.xctest */;
			productType = "com.apple.product-type.bundle.unit-test";
		};
/* End PBXNativeTarget section */

/* Begin PBXProject section */
		3F66E0071B622619008D8114 /* Project object */ = {
			isa = PBXProject;
			attributes = {
				LastUpgradeCheck = 0640;
				ORGANIZATIONNAME = "Nutchaphon Rewik";
				TargetAttributes = {
					3F66E00E1B622619008D8114 = {
						CreatedOnToolsVersion = 6.4;
					};
					3F66E0231B622619008D8114 = {
						CreatedOnToolsVersion = 6.4;
						TestTargetID = 3F66E00E1B622619008D8114;
					};
				};
			};
			buildConfigurationList = 3F66E00A1B622619008D8114 /* Build configuration list for PBXProject "NRShapeTween" */;
			compatibilityVersion = "Xcode 3.2";
			developmentRegion = English;
			hasScannedForEncodings = 0;
			knownRegions = (
				en,
				Base,
			);
			mainGroup = 3F66E0061B622619008D8114;
			productRefGroup = 3F66E0101B622619008D8114 /* Products */;
			projectDirPath = "";
			projectRoot = "";
			targets = (
				3F66E00E1B622619008D8114 /* NRShapeTween */,
				3F66E0231B622619008D8114 /* NRShapeTweenTests */,
			);
		};
/* End PBXProject section */

/* Begin PBXResourcesBuildPhase section */
		3F66E00D1B622619008D8114 /* Resources */ = {
			isa = PBXResourcesBuildPhase;
			buildActionMask = 2147483647;
			files = (
				3F66E01A1B622619008D8114 /* Main.storyboard in Resources */,
				3F66E01F1B622619008D8114 /* LaunchScreen.xib in Resources */,
				3F66E01C1B622619008D8114 /* Images.xcassets in Resources */,
			);
			runOnlyForDeploymentPostprocessing = 0;
		};
		3F66E0221B622619008D8114 /* Resources */ = {
			isa = PBXResourcesBuildPhase;
			buildActionMask = 2147483647;
			files = (
			);
			runOnlyForDeploymentPostprocessing = 0;
		};
/* End PBXResourcesBuildPhase section */

/* Begin PBXSourcesBuildPhase section */
		3F66E00B1B622619008D8114 /* Sources */ = {
			isa = PBXSourcesBuildPhase;
			buildActionMask = 2147483647;
			files = (
				3F66E0171B622619008D8114 /* ViewController.swift in Sources */,
				A03D2CC61B62BAC300ABA74C /* NRShapeTweenView.swift in Sources */,
				3F66E0151B622619008D8114 /* AppDelegate.swift in Sources */,
			);
			runOnlyForDeploymentPostprocessing = 0;
		};
		3F66E0201B622619008D8114 /* Sources */ = {
			isa = PBXSourcesBuildPhase;
			buildActionMask = 2147483647;
			files = (
				3F66E02B1B622619008D8114 /* NRShapeTweenTests.swift in Sources */,
			);
			runOnlyForDeploymentPostprocessing = 0;
		};
/* End PBXSourcesBuildPhase section */

/* Begin PBXTargetDependency section */
		3F66E0261B622619008D8114 /* PBXTargetDependency */ = {
			isa = PBXTargetDependency;
			target = 3F66E00E1B622619008D8114 /* NRShapeTween */;
			targetProxy = 3F66E0251B622619008D8114 /* PBXContainerItemProxy */;
		};
/* End PBXTargetDependency section */

/* Begin PBXVariantGroup section */
		3F66E0181B622619008D8114 /* Main.storyboard */ = {
			isa = PBXVariantGroup;
			children = (
				3F66E0191B622619008D8114 /* Base */,
			);
			name = Main.storyboard;
			sourceTree = "<group>";
		};
		3F66E01D1B622619008D8114 /* LaunchScreen.xib */ = {
			isa = PBXVariantGroup;
			children = (
				3F66E01E1B622619008D8114 /* Base */,
			);
			name = LaunchScreen.xib;
			sourceTree = "<group>";
		};
/* End PBXVariantGroup section */

/* Begin XCBuildConfiguration section */
		3F66E02C1B622619008D8114 /* Debug */ = {
			isa = XCBuildConfiguration;
			buildSettings = {
				ALWAYS_SEARCH_USER_PATHS = NO;
				CLANG_CXX_LANGUAGE_STANDARD = "gnu++0x";
				CLANG_CXX_LIBRARY = "libc++";
				CLANG_ENABLE_MODULES = YES;
				CLANG_ENABLE_OBJC_ARC = YES;
				CLANG_WARN_BOOL_CONVERSION = YES;
				CLANG_WARN_CONSTANT_CONVERSION = YES;
				CLANG_WARN_DIRECT_OBJC_ISA_USAGE = YES_ERROR;
				CLANG_WARN_EMPTY_BODY = YES;
				CLANG_WARN_ENUM_CONVERSION = YES;
				CLANG_WARN_INT_CONVERSION = YES;
				CLANG_WARN_OBJC_ROOT_CLASS = YES_ERROR;
				CLANG_WARN_UNREACHABLE_CODE = YES;
				CLANG_WARN__DUPLICATE_METHOD_MATCH = YES;
				"CODE_SIGN_IDENTITY[sdk=iphoneos*]" = "iPhone Developer";
				COPY_PHASE_STRIP = NO;
				DEBUG_INFORMATION_FORMAT = "dwarf-with-dsym";
				ENABLE_STRICT_OBJC_MSGSEND = YES;
				GCC_C_LANGUAGE_STANDARD = gnu99;
				GCC_DYNAMIC_NO_PIC = NO;
				GCC_NO_COMMON_BLOCKS = YES;
				GCC_OPTIMIZATION_LEVEL = 0;
				GCC_PREPROCESSOR_DEFINITIONS = (
					"DEBUG=1",
					"$(inherited)",
				);
				GCC_SYMBOLS_PRIVATE_EXTERN = NO;
				GCC_WARN_64_TO_32_BIT_CONVERSION = YES;
				GCC_WARN_ABOUT_RETURN_TYPE = YES_ERROR;
				GCC_WARN_UNDECLARED_SELECTOR = YES;
				GCC_WARN_UNINITIALIZED_AUTOS = YES_AGGRESSIVE;
				GCC_WARN_UNUSED_FUNCTION = YES;
				GCC_WARN_UNUSED_VARIABLE = YES;
				IPHONEOS_DEPLOYMENT_TARGET = 8.4;
				MTL_ENABLE_DEBUG_INFO = YES;
				ONLY_ACTIVE_ARCH = YES;
				SDKROOT = iphoneos;
				SWIFT_OPTIMIZATION_LEVEL = "-Onone";
			};
			name = Debug;
		};
		3F66E02D1B622619008D8114 /* Release */ = {
			isa = XCBuildConfiguration;
			buildSettings = {
				ALWAYS_SEARCH_USER_PATHS = NO;
				CLANG_CXX_LANGUAGE_STANDARD = "gnu++0x";
				CLANG_CXX_LIBRARY = "libc++";
				CLANG_ENABLE_MODULES = YES;
				CLANG_ENABLE_OBJC_ARC = YES;
				CLANG_WARN_BOOL_CONVERSION = YES;
				CLANG_WARN_CONSTANT_CONVERSION = YES;
				CLANG_WARN_DIRECT_OBJC_ISA_USAGE = YES_ERROR;
				CLANG_WARN_EMPTY_BODY = YES;
				CLANG_WARN_ENUM_CONVERSION = YES;
				CLANG_WARN_INT_CONVERSION = YES;
				CLANG_WARN_OBJC_ROOT_CLASS = YES_ERROR;
				CLANG_WARN_UNREACHABLE_CODE = YES;
				CLANG_WARN__DUPLICATE_METHOD_MATCH = YES;
				"CODE_SIGN_IDENTITY[sdk=iphoneos*]" = "iPhone Developer";
				COPY_PHASE_STRIP = NO;
				DEBUG_INFORMATION_FORMAT = "dwarf-with-dsym";
				ENABLE_NS_ASSERTIONS = NO;
				ENABLE_STRICT_OBJC_MSGSEND = YES;
				GCC_C_LANGUAGE_STANDARD = gnu99;
				GCC_NO_COMMON_BLOCKS = YES;
				GCC_WARN_64_TO_32_BIT_CONVERSION = YES;
				GCC_WARN_ABOUT_RETURN_TYPE = YES_ERROR;
				GCC_WARN_UNDECLARED_SELECTOR = YES;
				GCC_WARN_UNINITIALIZED_AUTOS = YES_AGGRESSIVE;
				GCC_WARN_UNUSED_FUNCTION = YES;
				GCC_WARN_UNUSED_VARIABLE = YES;
				IPHONEOS_DEPLOYMENT_TARGET = 8.4;
				MTL_ENABLE_DEBUG_INFO = NO;
				SDKROOT = iphoneos;
				VALIDATE_PRODUCT = YES;
			};
			name = Release;
		};
		3F66E02F1B622619008D8114 /* Debug */ = {
			isa = XCBuildConfiguration;
			buildSettings = {
				ASSETCATALOG_COMPILER_APPICON_NAME = AppIcon;
				INFOPLIST_FILE = NRShapeTween/Info.plist;
				LD_RUNPATH_SEARCH_PATHS = "$(inherited) @executable_path/Frameworks";
				PRODUCT_NAME = "$(TARGET_NAME)";
			};
			name = Debug;
		};
		3F66E0301B622619008D8114 /* Release */ = {
			isa = XCBuildConfiguration;
			buildSettings = {
				ASSETCATALOG_COMPILER_APPICON_NAME = AppIcon;
				INFOPLIST_FILE = NRShapeTween/Info.plist;
				LD_RUNPATH_SEARCH_PATHS = "$(inherited) @executable_path/Frameworks";
				PRODUCT_NAME = "$(TARGET_NAME)";
			};
			name = Release;
		};
		3F66E0321B622619008D8114 /* Debug */ = {
			isa = XCBuildConfiguration;
			buildSettings = {
				BUNDLE_LOADER = "$(TEST_HOST)";
				FRAMEWORK_SEARCH_PATHS = (
					"$(SDKROOT)/Developer/Library/Frameworks",
					"$(inherited)",
				);
				GCC_PREPROCESSOR_DEFINITIONS = (
					"DEBUG=1",
					"$(inherited)",
				);
				INFOPLIST_FILE = NRShapeTweenTests/Info.plist;
				LD_RUNPATH_SEARCH_PATHS = "$(inherited) @executable_path/Frameworks @loader_path/Frameworks";
				PRODUCT_NAME = "$(TARGET_NAME)";
				TEST_HOST = "$(BUILT_PRODUCTS_DIR)/NRShapeTween.app/NRShapeTween";
			};
			name = Debug;
		};
		3F66E0331B622619008D8114 /* Release */ = {
			isa = XCBuildConfiguration;
			buildSettings = {
				BUNDLE_LOADER = "$(TEST_HOST)";
				FRAMEWORK_SEARCH_PATHS = (
					"$(SDKROOT)/Developer/Library/Frameworks",
					"$(inherited)",
				);
				INFOPLIST_FILE = NRShapeTweenTests/Info.plist;
				LD_RUNPATH_SEARCH_PATHS = "$(inherited) @executable_path/Frameworks @loader_path/Frameworks";
				PRODUCT_NAME = "$(TARGET_NAME)";
				TEST_HOST = "$(BUILT_PRODUCTS_DIR)/NRShapeTween.app/NRShapeTween";
			};
			name = Release;
		};
/* End XCBuildConfiguration section */

/* Begin XCConfigurationList section */
		3F66E00A1B622619008D8114 /* Build configuration list for PBXProject "NRShapeTween" */ = {
			isa = XCConfigurationList;
			buildConfigurations = (
				3F66E02C1B622619008D8114 /* Debug */,
				3F66E02D1B622619008D8114 /* Release */,
			);
			defaultConfigurationIsVisible = 0;
			defaultConfigurationName = Release;
		};
		3F66E02E1B622619008D8114 /* Build configuration list for PBXNativeTarget "NRShapeTween" */ = {
			isa = XCConfigurationList;
			buildConfigurations = (
				3F66E02F1B622619008D8114 /* Debug */,
				3F66E0301B622619008D8114 /* Release */,
			);
			defaultConfigurationIsVisible = 0;
			defaultConfigurationName = Release;
		};
		3F66E0311B622619008D8114 /* Build configuration list for PBXNativeTarget "NRShapeTweenTests" */ = {
			isa = XCConfigurationList;
			buildConfigurations = (
				3F66E0321B622619008D8114 /* Debug */,
				3F66E0331B622619008D8114 /* Release */,
			);
			defaultConfigurationIsVisible = 0;
			defaultConfigurationName = Release;
		};
/* End XCConfigurationList section */
	};
	rootObject = 3F66E0071B622619008D8114 /* Project object */;
}
